
Microsoft Visual Studio Solution File, Format Version 12.00
# Visual Studio 15
VisualStudioVersion = 15.0.27703.2026
MinimumVisualStudioVersion = 10.0.40219.1
Project("{9092AA53-FB77-4645-B42D-1CCCA6BD08BD}") = "NodejsWebApp1", "NodejsWebApp1\NodejsWebApp1.njsproj", "{1C0F98FD-672A-4D0F-9C73-A75644775BC0}"
EndProject
Global
	GlobalSection(SolutionConfigurationPlatforms) = preSolution
		Debug|Any CPU = Debug|Any CPU
		Release|Any CPU = Release|Any CPU
	EndGlobalSection
	GlobalSection(ProjectConfigurationPlatforms) = postSolution
		{1C0F98FD-672A-4D0F-9C73-A75644775BC0}.Debug|Any CPU.ActiveCfg = Debug|Any CPU
		{1C0F98FD-672A-4D0F-9C73-A75644775BC0}.Debug|Any CPU.Build.0 = Debug|Any CPU
		{1C0F98FD-672A-4D0F-9C73-A75644775BC0}.Release|Any CPU.ActiveCfg = Release|Any CPU
		{1C0F98FD-672A-4D0F-9C73-A75644775BC0}.Release|Any CPU.Build.0 = Release|Any CPU
	EndGlobalSection
	GlobalSection(SolutionProperties) = preSolution
		HideSolutionNode = FALSE
	EndGlobalSection
	GlobalSection(ExtensibilityGlobals) = postSolution
		SolutionGuid = {1A2F99AC-7982-4A10-B501-4B7D1C894867}
	EndGlobalSection
EndGlobal
